DEPENDENCIES
  mongodb_1
    git: git@github.com:Git-Good-Milo/Week_8_Mongodb_Chef_Cookbook.git
    revision: 70aecaabc69829d12e3a46f717a3b071f96dc719
  node_2
    git: git@github.com:j2020v/chef-nginx-cookbook.git
    revision: f8d25992733ad9e1221cc214ff5d91a054c90611

GRAPH
  apt (7.2.0)
  ark (4.0.0)
    build-essential (>= 0.0.0)
    seven_zip (>= 0.0.0)
  build-essential (8.2.1)
    mingw (>= 1.1)
    seven_zip (>= 0.0.0)
  mingw (2.1.0)
    seven_zip (>= 0.0.0)
  mongodb_1 (0.1.0)
  node_2 (0.1.0)
    apt (>= 0.0.0)
    nodejs (~> 6.0.0)
  nodejs (6.0.0)
    ark (>= 2.0.2)
    build-essential (>= 5.0)
  seven_zip (3.1.2)
    windows (>= 0.0.0)
  windows (6.0.1)
